{
  "name": "fufei_read",
  "version": "1.0.0",
  "lockfileVersion": 1,
  "requires": true,
  "dependencies": {
    "vuex": {
      "version": "3.0.1",
      "resolved": "http://registry.npm.taobao.org/vuex/download/vuex-3.0.1.tgz",
      "integrity": "sha1-52E1Lr4K9TfUu3Vam53Evj3379I="
    }
  }
}
